
Microsoft Visual Studio Solution File, Format Version 12.00
# Visual Studio Version 16
VisualStudioVersion = 16.0.28803.352
MinimumVisualStudioVersion = 10.0.40219.1
Project("{2150E333-8FDC-42A3-9474-1A3956D46DE8}") = "README", "README", "{129D6664-A778-407A-9DF6-63299BD2E530}"
EndProject
Project("{2150E333-8FDC-42A3-9474-1A3956D46DE8}") = "TEST", "TEST", "{DBA35C58-4434-4D8A-B159-2743B6E8AB93}"
EndProject
Project("{2150E333-8FDC-42A3-9474-1A3956D46DE8}") = "SRC", "SRC", "{F4F686D5-6F56-45D6-AD42-AD3F8317CE16}"
EndProject
Project("{2150E333-8FDC-42A3-9474-1A3956D46DE8}") = "IntegrationTest", "IntegrationTest", "{33685104-A503-4509-A345-C25DBDEEC1FB}"
EndProject
Project("{2150E333-8FDC-42A3-9474-1A3956D46DE8}") = "UnitTest", "UnitTest", "{1E824CF4-B937-4C0D-B823-A1EAA05B8007}"
EndProject
Project("{2150E333-8FDC-42A3-9474-1A3956D46DE8}") = "Client", "Client", "{DDCAF0CA-24B5-4F2D-852B-1BEA79B39438}"
EndProject
Project("{2150E333-8FDC-42A3-9474-1A3956D46DE8}") = "Server", "Server", "{2B29ED5D-852C-4832-B3FC-FC3AC509F7FA}"
EndProject
Project("{9A19103F-16F7-4668-BE54-9A1E7A4F7556}") = "Discovery.Core", "SRC\Client\Discovery.Core\Discovery.Core.csproj", "{DBFD6E0A-1CBE-4FC7-B87C-BDD11AE41F89}"
EndProject
Project("{FAE04EC0-301F-11D3-BF4B-00C04F79EFBC}") = "Discovery.Service.Test", "TEST\IntegrationTest\Discovery.Service.UnitTest\Discovery.Service.Test\Discovery.Service.Test.csproj", "{D2AF3792-6A7E-41F8-BAAF-0B6859E2BA23}"
EndProject
Project("{FAE04EC0-301F-11D3-BF4B-00C04F79EFBC}") = "Discovery.Server.RemoteService", "SRC\Server\Discovery.Server.RemoteService\Discovery.Server.RemoteService.csproj", "{5BED894E-2731-45B9-B756-9AF56C7137EF}"
EndProject
Project("{2150E333-8FDC-42A3-9474-1A3956D46DE8}") = "Modules", "Modules", "{7ACDBD46-5E5F-48D4-9DDE-A07DB9CE178A}"
EndProject
Project("{FAE04EC0-301F-11D3-BF4B-00C04F79EFBC}") = "Discovery.Client", "SRC\Client\Discovery.Client\Discovery.Client.csproj", "{747B9002-4A2F-4774-9683-3841A2B26A07}"
EndProject
Project("{FAE04EC0-301F-11D3-BF4B-00C04F79EFBC}") = "Discovery.Client.SignIn", "SRC\Client\Modules\Discovery.Client.SignIn\Discovery.Client.SignIn.csproj", "{1484968B-BB5F-4E32-B8F7-3305C920735F}"
EndProject
Project("{FAE04EC0-301F-11D3-BF4B-00C04F79EFBC}") = "Discovery.Client.MainMenu", "SRC\Client\Modules\Discovery.Client.MainMenu\Discovery.Client.MainMenu.csproj", "{0032AD15-D812-4407-8588-77DBD3AC33C2}"
EndProject
Project("{FAE04EC0-301F-11D3-BF4B-00C04F79EFBC}") = "Discovery.Client.DiscovererHomePage", "SRC\Client\Modules\Discovery.Client.DiscovererHomePage\Discovery.Client.DiscovererHomePage.csproj", "{7291A7F0-101F-4FAA-B8C5-63777BDB4ECB}"
EndProject
Project("{FAE04EC0-301F-11D3-BF4B-00C04F79EFBC}") = "Discovery.Core.UI", "SRC\Client\Discovery.Core.UI\Discovery.Core.UI.csproj", "{597DE2C5-7801-484A-A9B0-8112DA78C076}"
EndProject
Project("{FAE04EC0-301F-11D3-BF4B-00C04F79EFBC}") = "Discovery.Client.Recommended", "SRC\Client\Modules\Discovery.Client.Recommended\Discovery.Client.Recommended.csproj", "{A74E1265-5FD4-4FF7-BCEB-A4F2EFE32BF7}"
EndProject
Project("{FAE04EC0-301F-11D3-BF4B-00C04F79EFBC}") = "Discovery.Client.Option", "SRC\Client\Modules\Discovery.Client.Option\Discovery.Client.Option.csproj", "{97C85164-6A4B-442E-B7AE-0A357A92EF81}"
EndProject
Project("{FAE04EC0-301F-11D3-BF4B-00C04F79EFBC}") = "Discovery.Client.Feedback", "SRC\Client\Modules\Discovery.Client.Feedback\Discovery.Client.Feedback.csproj", "{CAAA6918-B628-4751-AB5D-68A8A6DB096E}"
EndProject
Project("{FAE04EC0-301F-11D3-BF4B-00C04F79EFBC}") = "Discovery.Client.About", "SRC\Client\Modules\Discovery.Client.About\Discovery.Client.About.csproj", "{76182046-0ADA-4496-85EB-BC6F8C8E6AFF}"
EndProject
Project("{FAE04EC0-301F-11D3-BF4B-00C04F79EFBC}") = "Discovery.Core.UnitTest", "TEST\UnitTest\Discovery.Core.UnitTest\Discovery.Core.UnitTest.csproj", "{90E8A61B-915B-4894-A89B-65DF3087CD22}"
EndProject
Project("{FAE04EC0-301F-11D3-BF4B-00C04F79EFBC}") = "Discovery.Client.PostDetail", "SRC\Client\Modules\Discovery.Client.PostDetail\Discovery.Client.PostDetail.csproj", "{713999D4-5232-4A76-A1C4-916A5B1E0AAE}"
EndProject
Project("{FAE04EC0-301F-11D3-BF4B-00C04F79EFBC}") = "Discovery.Core.RelationalModel", "SRC\Client\Discovery.Core.RelationalModel\Discovery.Core.RelationalModel.csproj", "{179D19C5-0BBA-4C07-9A56-79DBA454F04B}"
EndProject
Project("{FAE04EC0-301F-11D3-BF4B-00C04F79EFBC}") = "Discovery.Client.Search", "SRC\Client\Modules\Discovery.Client.Search\Discovery.Client.Search.csproj", "{67C02946-B635-4C38-AF1C-319699160ADB}"
EndProject
Project("{FAE04EC0-301F-11D3-BF4B-00C04F79EFBC}") = "Discovery.Service", "SRC\Client\Discovery.Service\Discovery.Service.csproj", "{3779029E-52F0-4587-AD22-EC329DF45076}"
EndProject
Project("{FAE04EC0-301F-11D3-BF4B-00C04F79EFBC}") = "Discovery.Client.Resource", "SRC\Client\Discovery.Client.Resource\Discovery.Client.Resource.csproj", "{20C56C15-3408-4563-A02B-B8F746BA0F9D}"
EndProject
Project("{FAE04EC0-301F-11D3-BF4B-00C04F79EFBC}") = "Discovery.Element", "SRC\Client\Discovery.Element\Discovery.Element.csproj", "{20FDF40F-B7E7-4BFC-A2FD-136634285B08}"
EndProject
Project("{FAE04EC0-301F-11D3-BF4B-00C04F79EFBC}") = "Discovery.Client.Theme", "SRC\Client\Modules\Discovery.Client.Theme\Discovery.Client.Theme.csproj", "{5646F30A-C7AC-4C8E-8091-009429E7A2B6}"
EndProject
Global
	GlobalSection(SolutionConfigurationPlatforms) = preSolution
		Debug|Any CPU = Debug|Any CPU
		Release|Any CPU = Release|Any CPU
	EndGlobalSection
	GlobalSection(ProjectConfigurationPlatforms) = postSolution
		{DBFD6E0A-1CBE-4FC7-B87C-BDD11AE41F89}.Debug|Any CPU.ActiveCfg = Debug|Any CPU
		{DBFD6E0A-1CBE-4FC7-B87C-BDD11AE41F89}.Debug|Any CPU.Build.0 = Debug|Any CPU
		{DBFD6E0A-1CBE-4FC7-B87C-BDD11AE41F89}.Release|Any CPU.ActiveCfg = Release|Any CPU
		{DBFD6E0A-1CBE-4FC7-B87C-BDD11AE41F89}.Release|Any CPU.Build.0 = Release|Any CPU
		{D2AF3792-6A7E-41F8-BAAF-0B6859E2BA23}.Debug|Any CPU.ActiveCfg = Debug|Any CPU
		{D2AF3792-6A7E-41F8-BAAF-0B6859E2BA23}.Debug|Any CPU.Build.0 = Debug|Any CPU
		{D2AF3792-6A7E-41F8-BAAF-0B6859E2BA23}.Release|Any CPU.ActiveCfg = Release|Any CPU
		{D2AF3792-6A7E-41F8-BAAF-0B6859E2BA23}.Release|Any CPU.Build.0 = Release|Any CPU
		{5BED894E-2731-45B9-B756-9AF56C7137EF}.Debug|Any CPU.ActiveCfg = Debug|Any CPU
		{5BED894E-2731-45B9-B756-9AF56C7137EF}.Debug|Any CPU.Build.0 = Debug|Any CPU
		{5BED894E-2731-45B9-B756-9AF56C7137EF}.Release|Any CPU.ActiveCfg = Release|Any CPU
		{5BED894E-2731-45B9-B756-9AF56C7137EF}.Release|Any CPU.Build.0 = Release|Any CPU
		{747B9002-4A2F-4774-9683-3841A2B26A07}.Debug|Any CPU.ActiveCfg = Debug|Any CPU
		{747B9002-4A2F-4774-9683-3841A2B26A07}.Debug|Any CPU.Build.0 = Debug|Any CPU
		{747B9002-4A2F-4774-9683-3841A2B26A07}.Release|Any CPU.ActiveCfg = Release|Any CPU
		{747B9002-4A2F-4774-9683-3841A2B26A07}.Release|Any CPU.Build.0 = Release|Any CPU
		{1484968B-BB5F-4E32-B8F7-3305C920735F}.Debug|Any CPU.ActiveCfg = Debug|Any CPU
		{1484968B-BB5F-4E32-B8F7-3305C920735F}.Debug|Any CPU.Build.0 = Debug|Any CPU
		{1484968B-BB5F-4E32-B8F7-3305C920735F}.Release|Any CPU.ActiveCfg = Release|Any CPU
		{1484968B-BB5F-4E32-B8F7-3305C920735F}.Release|Any CPU.Build.0 = Release|Any CPU
		{0032AD15-D812-4407-8588-77DBD3AC33C2}.Debug|Any CPU.ActiveCfg = Debug|Any CPU
		{0032AD15-D812-4407-8588-77DBD3AC33C2}.Debug|Any CPU.Build.0 = Debug|Any CPU
		{0032AD15-D812-4407-8588-77DBD3AC33C2}.Release|Any CPU.ActiveCfg = Release|Any CPU
		{0032AD15-D812-4407-8588-77DBD3AC33C2}.Release|Any CPU.Build.0 = Release|Any CPU
		{7291A7F0-101F-4FAA-B8C5-63777BDB4ECB}.Debug|Any CPU.ActiveCfg = Debug|Any CPU
		{7291A7F0-101F-4FAA-B8C5-63777BDB4ECB}.Debug|Any CPU.Build.0 = Debug|Any CPU
		{7291A7F0-101F-4FAA-B8C5-63777BDB4ECB}.Release|Any CPU.ActiveCfg = Release|Any CPU
		{7291A7F0-101F-4FAA-B8C5-63777BDB4ECB}.Release|Any CPU.Build.0 = Release|Any CPU
		{597DE2C5-7801-484A-A9B0-8112DA78C076}.Debug|Any CPU.ActiveCfg = Debug|Any CPU
		{597DE2C5-7801-484A-A9B0-8112DA78C076}.Debug|Any CPU.Build.0 = Debug|Any CPU
		{597DE2C5-7801-484A-A9B0-8112DA78C076}.Release|Any CPU.ActiveCfg = Release|Any CPU
		{597DE2C5-7801-484A-A9B0-8112DA78C076}.Release|Any CPU.Build.0 = Release|Any CPU
		{A74E1265-5FD4-4FF7-BCEB-A4F2EFE32BF7}.Debug|Any CPU.ActiveCfg = Debug|Any CPU
		{A74E1265-5FD4-4FF7-BCEB-A4F2EFE32BF7}.Debug|Any CPU.Build.0 = Debug|Any CPU
		{A74E1265-5FD4-4FF7-BCEB-A4F2EFE32BF7}.Release|Any CPU.ActiveCfg = Release|Any CPU
		{A74E1265-5FD4-4FF7-BCEB-A4F2EFE32BF7}.Release|Any CPU.Build.0 = Release|Any CPU
		{97C85164-6A4B-442E-B7AE-0A357A92EF81}.Debug|Any CPU.ActiveCfg = Debug|Any CPU
		{97C85164-6A4B-442E-B7AE-0A357A92EF81}.Debug|Any CPU.Build.0 = Debug|Any CPU
		{97C85164-6A4B-442E-B7AE-0A357A92EF81}.Release|Any CPU.ActiveCfg = Release|Any CPU
		{97C85164-6A4B-442E-B7AE-0A357A92EF81}.Release|Any CPU.Build.0 = Release|Any CPU
		{CAAA6918-B628-4751-AB5D-68A8A6DB096E}.Debug|Any CPU.ActiveCfg = Debug|Any CPU
		{CAAA6918-B628-4751-AB5D-68A8A6DB096E}.Debug|Any CPU.Build.0 = Debug|Any CPU
		{CAAA6918-B628-4751-AB5D-68A8A6DB096E}.Release|Any CPU.ActiveCfg = Release|Any CPU
		{CAAA6918-B628-4751-AB5D-68A8A6DB096E}.Release|Any CPU.Build.0 = Release|Any CPU
		{76182046-0ADA-4496-85EB-BC6F8C8E6AFF}.Debug|Any CPU.ActiveCfg = Debug|Any CPU
		{76182046-0ADA-4496-85EB-BC6F8C8E6AFF}.Debug|Any CPU.Build.0 = Debug|Any CPU
		{76182046-0ADA-4496-85EB-BC6F8C8E6AFF}.Release|Any CPU.ActiveCfg = Release|Any CPU
		{76182046-0ADA-4496-85EB-BC6F8C8E6AFF}.Release|Any CPU.Build.0 = Release|Any CPU
		{90E8A61B-915B-4894-A89B-65DF3087CD22}.Debug|Any CPU.ActiveCfg = Debug|Any CPU
		{90E8A61B-915B-4894-A89B-65DF3087CD22}.Debug|Any CPU.Build.0 = Debug|Any CPU
		{90E8A61B-915B-4894-A89B-65DF3087CD22}.Release|Any CPU.ActiveCfg = Release|Any CPU
		{90E8A61B-915B-4894-A89B-65DF3087CD22}.Release|Any CPU.Build.0 = Release|Any CPU
		{713999D4-5232-4A76-A1C4-916A5B1E0AAE}.Debug|Any CPU.ActiveCfg = Debug|Any CPU
		{713999D4-5232-4A76-A1C4-916A5B1E0AAE}.Debug|Any CPU.Build.0 = Debug|Any CPU
		{713999D4-5232-4A76-A1C4-916A5B1E0AAE}.Release|Any CPU.ActiveCfg = Release|Any CPU
		{713999D4-5232-4A76-A1C4-916A5B1E0AAE}.Release|Any CPU.Build.0 = Release|Any CPU
		{179D19C5-0BBA-4C07-9A56-79DBA454F04B}.Debug|Any CPU.ActiveCfg = Debug|Any CPU
		{179D19C5-0BBA-4C07-9A56-79DBA454F04B}.Debug|Any CPU.Build.0 = Debug|Any CPU
		{179D19C5-0BBA-4C07-9A56-79DBA454F04B}.Release|Any CPU.ActiveCfg = Release|Any CPU
		{179D19C5-0BBA-4C07-9A56-79DBA454F04B}.Release|Any CPU.Build.0 = Release|Any CPU
		{67C02946-B635-4C38-AF1C-319699160ADB}.Debug|Any CPU.ActiveCfg = Debug|Any CPU
		{67C02946-B635-4C38-AF1C-319699160ADB}.Debug|Any CPU.Build.0 = Debug|Any CPU
		{67C02946-B635-4C38-AF1C-319699160ADB}.Release|Any CPU.ActiveCfg = Release|Any CPU
		{67C02946-B635-4C38-AF1C-319699160ADB}.Release|Any CPU.Build.0 = Release|Any CPU
		{3779029E-52F0-4587-AD22-EC329DF45076}.Debug|Any CPU.ActiveCfg = Debug|Any CPU
		{3779029E-52F0-4587-AD22-EC329DF45076}.Debug|Any CPU.Build.0 = Debug|Any CPU
		{3779029E-52F0-4587-AD22-EC329DF45076}.Release|Any CPU.ActiveCfg = Release|Any CPU
		{3779029E-52F0-4587-AD22-EC329DF45076}.Release|Any CPU.Build.0 = Release|Any CPU
		{20C56C15-3408-4563-A02B-B8F746BA0F9D}.Debug|Any CPU.ActiveCfg = Debug|Any CPU
		{20C56C15-3408-4563-A02B-B8F746BA0F9D}.Debug|Any CPU.Build.0 = Debug|Any CPU
		{20C56C15-3408-4563-A02B-B8F746BA0F9D}.Release|Any CPU.ActiveCfg = Release|Any CPU
		{20C56C15-3408-4563-A02B-B8F746BA0F9D}.Release|Any CPU.Build.0 = Release|Any CPU
		{20FDF40F-B7E7-4BFC-A2FD-136634285B08}.Debug|Any CPU.ActiveCfg = Debug|Any CPU
		{20FDF40F-B7E7-4BFC-A2FD-136634285B08}.Debug|Any CPU.Build.0 = Debug|Any CPU
		{20FDF40F-B7E7-4BFC-A2FD-136634285B08}.Release|Any CPU.ActiveCfg = Release|Any CPU
		{20FDF40F-B7E7-4BFC-A2FD-136634285B08}.Release|Any CPU.Build.0 = Release|Any CPU
		{5646F30A-C7AC-4C8E-8091-009429E7A2B6}.Debug|Any CPU.ActiveCfg = Debug|Any CPU
		{5646F30A-C7AC-4C8E-8091-009429E7A2B6}.Debug|Any CPU.Build.0 = Debug|Any CPU
		{5646F30A-C7AC-4C8E-8091-009429E7A2B6}.Release|Any CPU.ActiveCfg = Release|Any CPU
		{5646F30A-C7AC-4C8E-8091-009429E7A2B6}.Release|Any CPU.Build.0 = Release|Any CPU
	EndGlobalSection
	GlobalSection(SolutionProperties) = preSolution
		HideSolutionNode = FALSE
	EndGlobalSection
	GlobalSection(NestedProjects) = preSolution
		{33685104-A503-4509-A345-C25DBDEEC1FB} = {DBA35C58-4434-4D8A-B159-2743B6E8AB93}
		{1E824CF4-B937-4C0D-B823-A1EAA05B8007} = {DBA35C58-4434-4D8A-B159-2743B6E8AB93}
		{DDCAF0CA-24B5-4F2D-852B-1BEA79B39438} = {F4F686D5-6F56-45D6-AD42-AD3F8317CE16}
		{2B29ED5D-852C-4832-B3FC-FC3AC509F7FA} = {F4F686D5-6F56-45D6-AD42-AD3F8317CE16}
		{DBFD6E0A-1CBE-4FC7-B87C-BDD11AE41F89} = {DDCAF0CA-24B5-4F2D-852B-1BEA79B39438}
		{D2AF3792-6A7E-41F8-BAAF-0B6859E2BA23} = {33685104-A503-4509-A345-C25DBDEEC1FB}
		{5BED894E-2731-45B9-B756-9AF56C7137EF} = {2B29ED5D-852C-4832-B3FC-FC3AC509F7FA}
		{7ACDBD46-5E5F-48D4-9DDE-A07DB9CE178A} = {DDCAF0CA-24B5-4F2D-852B-1BEA79B39438}
		{747B9002-4A2F-4774-9683-3841A2B26A07} = {DDCAF0CA-24B5-4F2D-852B-1BEA79B39438}
		{1484968B-BB5F-4E32-B8F7-3305C920735F} = {7ACDBD46-5E5F-48D4-9DDE-A07DB9CE178A}
		{0032AD15-D812-4407-8588-77DBD3AC33C2} = {7ACDBD46-5E5F-48D4-9DDE-A07DB9CE178A}
		{7291A7F0-101F-4FAA-B8C5-63777BDB4ECB} = {7ACDBD46-5E5F-48D4-9DDE-A07DB9CE178A}
		{597DE2C5-7801-484A-A9B0-8112DA78C076} = {DDCAF0CA-24B5-4F2D-852B-1BEA79B39438}
		{A74E1265-5FD4-4FF7-BCEB-A4F2EFE32BF7} = {7ACDBD46-5E5F-48D4-9DDE-A07DB9CE178A}
		{97C85164-6A4B-442E-B7AE-0A357A92EF81} = {7ACDBD46-5E5F-48D4-9DDE-A07DB9CE178A}
		{CAAA6918-B628-4751-AB5D-68A8A6DB096E} = {7ACDBD46-5E5F-48D4-9DDE-A07DB9CE178A}
		{76182046-0ADA-4496-85EB-BC6F8C8E6AFF} = {7ACDBD46-5E5F-48D4-9DDE-A07DB9CE178A}
		{90E8A61B-915B-4894-A89B-65DF3087CD22} = {1E824CF4-B937-4C0D-B823-A1EAA05B8007}
		{713999D4-5232-4A76-A1C4-916A5B1E0AAE} = {7ACDBD46-5E5F-48D4-9DDE-A07DB9CE178A}
		{179D19C5-0BBA-4C07-9A56-79DBA454F04B} = {DDCAF0CA-24B5-4F2D-852B-1BEA79B39438}
		{67C02946-B635-4C38-AF1C-319699160ADB} = {7ACDBD46-5E5F-48D4-9DDE-A07DB9CE178A}
		{3779029E-52F0-4587-AD22-EC329DF45076} = {DDCAF0CA-24B5-4F2D-852B-1BEA79B39438}
		{20C56C15-3408-4563-A02B-B8F746BA0F9D} = {DDCAF0CA-24B5-4F2D-852B-1BEA79B39438}
		{20FDF40F-B7E7-4BFC-A2FD-136634285B08} = {DDCAF0CA-24B5-4F2D-852B-1BEA79B39438}
		{5646F30A-C7AC-4C8E-8091-009429E7A2B6} = {7ACDBD46-5E5F-48D4-9DDE-A07DB9CE178A}
	EndGlobalSection
	GlobalSection(ExtensibilityGlobals) = postSolution
		SolutionGuid = {FC5D8408-B1C7-4D5A-A61D-2D0829D02BA4}
	EndGlobalSection
EndGlobal
